// !$*UTF8*$!
{
	archiveVersion = 1;
	classes = {
	};
	objectVersion = 48;
	objects = {

/* Begin PBXBuildFile section */
		1823BF1920BD50A800249CAA /* closeicon_repost_18x18_@3x.png in Resources */ = {isa = PBXBuildFile; fileRef = 1823BF1720BD50A700249CAA /* closeicon_repost_18x18_@3x.png */; };
		1823BF1A20BD50A800249CAA /* closeicon_repost_18x18_@2x.png in Resources */ = {isa = PBXBuildFile; fileRef = 1823BF1820BD50A700249CAA /* closeicon_repost_18x18_@2x.png */; };
		184A17E620BCE39300C08E9F /* AppDelegate.m in Sources */ = {isa = PBXBuildFile; fileRef = 184A17E520BCE39300C08E9F /* AppDelegate.m */; };
		184A17E920BCE39300C08E9F /* ViewController.m in Sources */ = {isa = PBXBuildFile; fileRef = 184A17E820BCE39300C08E9F /* ViewController.m */; };
		184A17EC20BCE39300C08E9F /* Main.storyboard in Resources */ = {isa = PBXBuildFile; fileRef = 184A17EA20BCE39300C08E9F /* Main.storyboard */; };
		184A17EF20BCE39300C08E9F /* MyChannel.xcdatamodeld in Sources */ = {isa = PBXBuildFile; fileRef = 184A17ED20BCE39300C08E9F /* MyChannel.xcdatamodeld */; };
		184A17F120BCE39300C08E9F /* Assets.xcassets in Resources */ = {isa = PBXBuildFile; fileRef = 184A17F020BCE39300C08E9F /* Assets.xcassets */; };
		184A17F420BCE39300C08E9F /* LaunchScreen.storyboard in Resources */ = {isa = PBXBuildFile; fileRef = 184A17F220BCE39300C08E9F /* LaunchScreen.storyboard */; };
		184A17F720BCE39300C08E9F /* main.m in Sources */ = {isa = PBXBuildFile; fileRef = 184A17F620BCE39300C08E9F /* main.m */; };
		184A180120BCE39300C08E9F /* MyChannelTests.m in Sources */ = {isa = PBXBuildFile; fileRef = 184A180020BCE39300C08E9F /* MyChannelTests.m */; };
		184A180C20BCE39300C08E9F /* MyChannelUITests.m in Sources */ = {isa = PBXBuildFile; fileRef = 184A180B20BCE39300C08E9F /* MyChannelUITests.m */; };
		184A181B20BCE3CD00C08E9F /* HeaderView.m in Sources */ = {isa = PBXBuildFile; fileRef = 184A181A20BCE3CD00C08E9F /* HeaderView.m */; };
		184A181D20BCE3DA00C08E9F /* HeaderView.xib in Resources */ = {isa = PBXBuildFile; fileRef = 184A181C20BCE3DA00C08E9F /* HeaderView.xib */; };
		184A182020BCE7D300C08E9F /* close_sdk_login_14x14_@2x.png in Resources */ = {isa = PBXBuildFile; fileRef = 184A181E20BCE7D300C08E9F /* close_sdk_login_14x14_@2x.png */; };
		184A182120BCE7D300C08E9F /* close_sdk_login_14x14_@3x.png in Resources */ = {isa = PBXBuildFile; fileRef = 184A181F20BCE7D300C08E9F /* close_sdk_login_14x14_@3x.png */; };
		184A182420BCE82200C08E9F /* ChannelView.m in Sources */ = {isa = PBXBuildFile; fileRef = 184A182320BCE82200C08E9F /* ChannelView.m */; };
		184A182720BCE8BC00C08E9F /* UIView+Frame.m in Sources */ = {isa = PBXBuildFile; fileRef = 184A182620BCE8BC00C08E9F /* UIView+Frame.m */; };
		184A182C20BCECF000C08E9F /* ChannelModel.m in Sources */ = {isa = PBXBuildFile; fileRef = 184A182B20BCECF000C08E9F /* ChannelModel.m */; };
		184A182F20BCED7000C08E9F /* CButton.m in Sources */ = {isa = PBXBuildFile; fileRef = 184A182E20BCED7000C08E9F /* CButton.m */; };
		91F48162A6678518EF190D33 /* libPods-MyChannel.a in Frameworks */ = {isa = PBXBuildFile; fileRef = E2864BF0C8A48EBA11351821 /* libPods-MyChannel.a */; };
/* End PBXBuildFile section */

/* Begin PBXContainerItemProxy section */
		184A17FD20BCE39300C08E9F /* PBXContainerItemProxy */ = {
			isa = PBXContainerItemProxy;
			containerPortal = 184A17D920BCE39300C08E9F /* Project object */;
			proxyType = 1;
			remoteGlobalIDString = 184A17E020BCE39300C08E9F;
			remoteInfo = MyChannel;
		};
		184A180820BCE39300C08E9F /* PBXContainerItemProxy */ = {
			isa = PBXContainerItemProxy;
			containerPortal = 184A17D920BCE39300C08E9F /* Project object */;
			proxyType = 1;
			remoteGlobalIDString = 184A17E020BCE39300C08E9F;
			remoteInfo = MyChannel;
		};
/* End PBXContainerItemProxy section */

/* Begin PBXFileReference section */
		1823BF1720BD50A700249CAA /* closeicon_repost_18x18_@3x.png */ = {isa = PBXFileReference; lastKnownFileType = image.png; path = "closeicon_repost_18x18_@3x.png"; sourceTree = "<group>"; };
		1823BF1820BD50A700249CAA /* closeicon_repost_18x18_@2x.png */ = {isa = PBXFileReference; lastKnownFileType = image.png; path = "closeicon_repost_18x18_@2x.png"; sourceTree = "<group>"; };
		184A17E120BCE39300C08E9F /* MyChannel.app */ = {isa = PBXFileReference; explicitFileType = wrapper.application; includeInIndex = 0; path = MyChannel.app; sourceTree = BUILT_PRODUCTS_DIR; };
		184A17E420BCE39300C08E9F /* AppDelegate.h */ = {isa = PBXFileReference; lastKnownFileType = sourcecode.c.h; path = AppDelegate.h; sourceTree = "<group>"; };
		184A17E520BCE39300C08E9F /* AppDelegate.m */ = {isa = PBXFileReference; lastKnownFileType = sourcecode.c.objc; path = AppDelegate.m; sourceTree = "<group>"; };
		184A17E720BCE39300C08E9F /* ViewController.h */ = {isa = PBXFileReference; lastKnownFileType = sourcecode.c.h; path = ViewController.h; sourceTree = "<group>"; };
		184A17E820BCE39300C08E9F /* ViewController.m */ = {isa = PBXFileReference; lastKnownFileType = sourcecode.c.objc; path = ViewController.m; sourceTree = "<group>"; };
		184A17EB20BCE39300C08E9F /* Base */ = {isa = PBXFileReference; lastKnownFileType = file.storyboard; name = Base; path = Base.lproj/Main.storyboard; sourceTree = "<group>"; };
		184A17EE20BCE39300C08E9F /* MyChannel.xcdatamodel */ = {isa = PBXFileReference; lastKnownFileType = wrapper.xcdatamodel; path = MyChannel.xcdatamodel; sourceTree = "<group>"; };
		184A17F020BCE39300C08E9F /* Assets.xcassets */ = {isa = PBXFileReference; lastKnownFileType = folder.assetcatalog; path = Assets.xcassets; sourceTree = "<group>"; };
		184A17F320BCE39300C08E9F /* Base */ = {isa = PBXFileReference; lastKnownFileType = file.storyboard; name = Base; path = Base.lproj/LaunchScreen.storyboard; sourceTree = "<group>"; };
		184A17F520BCE39300C08E9F /* Info.plist */ = {isa = PBXFileReference; lastKnownFileType = text.plist.xml; path = Info.plist; sourceTree = "<group>"; };
		184A17F620BCE39300C08E9F /* main.m */ = {isa = PBXFileReference; lastKnownFileType = sourcecode.c.objc; path = main.m; sourceTree = "<group>"; };
		184A17FC20BCE39300C08E9F /* MyChannelTests.xctest */ = {isa = PBXFileReference; explicitFileType = wrapper.cfbundle; includeInIndex = 0; path = MyChannelTests.xctest; sourceTree = BUILT_PRODUCTS_DIR; };
		184A180020BCE39300C08E9F /* MyChannelTests.m */ = {isa = PBXFileReference; lastKnownFileType = sourcecode.c.objc; path = MyChannelTests.m; sourceTree = "<group>"; };
		184A180220BCE39300C08E9F /* Info.plist */ = {isa = PBXFileReference; lastKnownFileType = text.plist.xml; path = Info.plist; sourceTree = "<group>"; };
		184A180720BCE39300C08E9F /* MyChannelUITests.xctest */ = {isa = PBXFileReference; explicitFileType = wrapper.cfbundle; includeInIndex = 0; path = MyChannelUITests.xctest; sourceTree = BUILT_PRODUCTS_DIR; };
		184A180B20BCE39300C08E9F /* MyChannelUITests.m */ = {isa = PBXFileReference; lastKnownFileType = sourcecode.c.objc; path = MyChannelUITests.m; sourceTree = "<group>"; };
		184A180D20BCE39300C08E9F /* Info.plist */ = {isa = PBXFileReference; lastKnownFileType = text.plist.xml; path = Info.plist; sourceTree = "<group>"; };
		184A181920BCE3CD00C08E9F /* HeaderView.h */ = {isa = PBXFileReference; lastKnownFileType = sourcecode.c.h; path = HeaderView.h; sourceTree = "<group>"; };
		184A181A20BCE3CD00C08E9F /* HeaderView.m */ = {isa = PBXFileReference; lastKnownFileType = sourcecode.c.objc; path = HeaderView.m; sourceTree = "<group>"; };
		184A181C20BCE3DA00C08E9F /* HeaderView.xib */ = {isa = PBXFileReference; lastKnownFileType = file.xib; path = HeaderView.xib; sourceTree = "<group>"; };
		184A181E20BCE7D300C08E9F /* close_sdk_login_14x14_@2x.png */ = {isa = PBXFileReference; lastKnownFileType = image.png; path = "close_sdk_login_14x14_@2x.png"; sourceTree = "<group>"; };
		184A181F20BCE7D300C08E9F /* close_sdk_login_14x14_@3x.png */ = {isa = PBXFileReference; lastKnownFileType = image.png; path = "close_sdk_login_14x14_@3x.png"; sourceTree = "<group>"; };
		184A182220BCE82100C08E9F /* ChannelView.h */ = {isa = PBXFileReference; lastKnownFileType = sourcecode.c.h; path = ChannelView.h; sourceTree = "<group>"; };
		184A182320BCE82200C08E9F /* ChannelView.m */ = {isa = PBXFileReference; lastKnownFileType = sourcecode.c.objc; path = ChannelView.m; sourceTree = "<group>"; };
		184A182520BCE8BC00C08E9F /* UIView+Frame.h */ = {isa = PBXFileReference; fileEncoding = 4; lastKnownFileType = sourcecode.c.h; path = "UIView+Frame.h"; sourceTree = "<group>"; };
		184A182620BCE8BC00C08E9F /* UIView+Frame.m */ = {isa = PBXFileReference; fileEncoding = 4; lastKnownFileType = sourcecode.c.objc; path = "UIView+Frame.m"; sourceTree = "<group>"; };
		184A182920BCE92F00C08E9F /* PrefixHeader.pch */ = {isa = PBXFileReference; lastKnownFileType = sourcecode.c.h; path = PrefixHeader.pch; sourceTree = "<group>"; };
		184A182A20BCECF000C08E9F /* ChannelModel.h */ = {isa = PBXFileReference; lastKnownFileType = sourcecode.c.h; path = ChannelModel.h; sourceTree = "<group>"; };
		184A182B20BCECF000C08E9F /* ChannelModel.m */ = {isa = PBXFileReference; lastKnownFileType = sourcecode.c.objc; path = ChannelModel.m; sourceTree = "<group>"; };
		184A182D20BCED7000C08E9F /* CButton.h */ = {isa = PBXFileReference; lastKnownFileType = sourcecode.c.h; path = CButton.h; sourceTree = "<group>"; };
		184A182E20BCED7000C08E9F /* CButton.m */ = {isa = PBXFileReference; lastKnownFileType = sourcecode.c.objc; path = CButton.m; sourceTree = "<group>"; };
		24D7AB665120F6D9E7BA8478 /* Pods-MyChannel.release.xcconfig */ = {isa = PBXFileReference; includeInIndex = 1; lastKnownFileType = text.xcconfig; name = "Pods-MyChannel.release.xcconfig"; path = "Pods/Target Support Files/Pods-MyChannel/Pods-MyChannel.release.xcconfig"; sourceTree = "<group>"; };
		DC11B0C7CE8C6E8FA810EF1D /* Pods-MyChannel.debug.xcconfig */ = {isa = PBXFileReference; includeInIndex = 1; lastKnownFileType = text.xcconfig; name = "Pods-MyChannel.debug.xcconfig"; path = "Pods/Target Support Files/Pods-MyChannel/Pods-MyChannel.debug.xcconfig"; sourceTree = "<group>"; };
		E2864BF0C8A48EBA11351821 /* libPods-MyChannel.a */ = {isa = PBXFileReference; explicitFileType = archive.ar; includeInIndex = 0; path = "libPods-MyChannel.a"; sourceTree = BUILT_PRODUCTS_DIR; };
/* End PBXFileReference section */

/* Begin PBXFrameworksBuildPhase section */
		184A17DE20BCE39300C08E9F /* Frameworks */ = {
			isa = PBXFrameworksBuildPhase;
			buildActionMask = 2147483647;
			files = (
				91F48162A6678518EF190D33 /* libPods-MyChannel.a in Frameworks */,
			);
			runOnlyForDeploymentPostprocessing = 0;
		};
		184A17F920BCE39300C08E9F /* Frameworks */ = {
			isa = PBXFrameworksBuildPhase;
			buildActionMask = 2147483647;
			files = (
			);
			runOnlyForDeploymentPostprocessing = 0;
		};
		184A180420BCE39300C08E9F /* Frameworks */ = {
			isa = PBXFrameworksBuildPhase;
			buildActionMask = 2147483647;
			files = (
			);
			runOnlyForDeploymentPostprocessing = 0;
		};
/* End PBXFrameworksBuildPhase section */

/* Begin PBXGroup section */
		140DCC210BCD1714D90834C0 /* Pods */ = {
			isa = PBXGroup;
			children = (
				DC11B0C7CE8C6E8FA810EF1D /* Pods-MyChannel.debug.xcconfig */,
				24D7AB665120F6D9E7BA8478 /* Pods-MyChannel.release.xcconfig */,
			);
			name = Pods;
			sourceTree = "<group>";
		};
		184A17D820BCE39300C08E9F = {
			isa = PBXGroup;
			children = (
				184A17E320BCE39300C08E9F /* MyChannel */,
				184A17FF20BCE39300C08E9F /* MyChannelTests */,
				184A180A20BCE39300C08E9F /* MyChannelUITests */,
				184A17E220BCE39300C08E9F /* Products */,
				140DCC210BCD1714D90834C0 /* Pods */,
				34677A504FA2E870D4FE3839 /* Frameworks */,
			);
			sourceTree = "<group>";
		};
		184A17E220BCE39300C08E9F /* Products */ = {
			isa = PBXGroup;
			children = (
				184A17E120BCE39300C08E9F /* MyChannel.app */,
				184A17FC20BCE39300C08E9F /* MyChannelTests.xctest */,
				184A180720BCE39300C08E9F /* MyChannelUITests.xctest */,
			);
			name = Products;
			sourceTree = "<group>";
		};
		184A17E320BCE39300C08E9F /* MyChannel */ = {
			isa = PBXGroup;
			children = (
				184A17E420BCE39300C08E9F /* AppDelegate.h */,
				184A17E520BCE39300C08E9F /* AppDelegate.m */,
				184A17E720BCE39300C08E9F /* ViewController.h */,
				184A17E820BCE39300C08E9F /* ViewController.m */,
				184A182220BCE82100C08E9F /* ChannelView.h */,
				184A182320BCE82200C08E9F /* ChannelView.m */,
				184A182A20BCECF000C08E9F /* ChannelModel.h */,
				184A182B20BCECF000C08E9F /* ChannelModel.m */,
				184A182D20BCED7000C08E9F /* CButton.h */,
				184A182E20BCED7000C08E9F /* CButton.m */,
				184A181920BCE3CD00C08E9F /* HeaderView.h */,
				184A181A20BCE3CD00C08E9F /* HeaderView.m */,
				184A181C20BCE3DA00C08E9F /* HeaderView.xib */,
				1823BF1820BD50A700249CAA /* closeicon_repost_18x18_@2x.png */,
				1823BF1720BD50A700249CAA /* closeicon_repost_18x18_@3x.png */,
				184A181E20BCE7D300C08E9F /* close_sdk_login_14x14_@2x.png */,
				184A181F20BCE7D300C08E9F /* close_sdk_login_14x14_@3x.png */,
				184A17EA20BCE39300C08E9F /* Main.storyboard */,
				184A182520BCE8BC00C08E9F /* UIView+Frame.h */,
				184A182620BCE8BC00C08E9F /* UIView+Frame.m */,
				184A17F020BCE39300C08E9F /* Assets.xcassets */,
				184A17F220BCE39300C08E9F /* LaunchScreen.storyboard */,
				184A182920BCE92F00C08E9F /* PrefixHeader.pch */,
				184A17F520BCE39300C08E9F /* Info.plist */,
				184A17F620BCE39300C08E9F /* main.m */,
				184A17ED20BCE39300C08E9F /* MyChannel.xcdatamodeld */,
			);
			path = MyChannel;
			sourceTree = "<group>";
		};
		184A17FF20BCE39300C08E9F /* MyChannelTests */ = {
			isa = PBXGroup;
			children = (
				184A180020BCE39300C08E9F /* MyChannelTests.m */,
				184A180220BCE39300C08E9F /* Info.plist */,
			);
			path = MyChannelTests;
			sourceTree = "<group>";
		};
		184A180A20BCE39300C08E9F /* MyChannelUITests */ = {
			isa = PBXGroup;
			children = (
				184A180B20BCE39300C08E9F /* MyChannelUITests.m */,
				184A180D20BCE39300C08E9F /* Info.plist */,
			);
			path = MyChannelUITests;
			sourceTree = "<group>";
		};
		34677A504FA2E870D4FE3839 /* Frameworks */ = {
			isa = PBXGroup;
			children = (
				E2864BF0C8A48EBA11351821 /* libPods-MyChannel.a */,
			);
			name = Frameworks;
			sourceTree = "<group>";
		};
/* End PBXGroup section */

/* Begin PBXNativeTarget section */
		184A17E020BCE39300C08E9F /* MyChannel */ = {
			isa = PBXNativeTarget;
			buildConfigurationList = 184A181020BCE39300C08E9F /* Build configuration list for PBXNativeTarget "MyChannel" */;
			buildPhases = (
				D0EB3C6D7A469337C4FC61FB /* [CP] Check Pods Manifest.lock */,
				184A17DD20BCE39300C08E9F /* Sources */,
				184A17DE20BCE39300C08E9F /* Frameworks */,
				184A17DF20BCE39300C08E9F /* Resources */,
			);
			buildRules = (
			);
			dependencies = (
			);
			name = MyChannel;
			productName = MyChannel;
			productReference = 184A17E120BCE39300C08E9F /* MyChannel.app */;
			productType = "com.apple.product-type.application";
		};
		184A17FB20BCE39300C08E9F /* MyChannelTests */ = {
			isa = PBXNativeTarget;
			buildConfigurationList = 184A181320BCE39300C08E9F /* Build configuration list for PBXNativeTarget "MyChannelTests" */;
			buildPhases = (
				184A17F820BCE39300C08E9F /* Sources */,
				184A17F920BCE39300C08E9F /* Frameworks */,
				184A17FA20BCE39300C08E9F /* Resources */,
			);
			buildRules = (
			);
			dependencies = (
				184A17FE20BCE39300C08E9F /* PBXTargetDependency */,
			);
			name = MyChannelTests;
			productName = MyChannelTests;
			productReference = 184A17FC20BCE39300C08E9F /* MyChannelTests.xctest */;
			productType = "com.apple.product-type.bundle.unit-test";
		};
		184A180620BCE39300C08E9F /* MyChannelUITests */ = {
			isa = PBXNativeTarget;
			buildConfigurationList = 184A181620BCE39300C08E9F /* Build configuration list for PBXNativeTarget "MyChannelUITests" */;
			buildPhases = (
				184A180320BCE39300C08E9F /* Sources */,
				184A180420BCE39300C08E9F /* Frameworks */,
				184A180520BCE39300C08E9F /* Resources */,
			);
			buildRules = (
			);
			dependencies = (
				184A180920BCE39300C08E9F /* PBXTargetDependency */,
			);
			name = MyChannelUITests;
			productName = MyChannelUITests;
			productReference = 184A180720BCE39300C08E9F /* MyChannelUITests.xctest */;
			productType = "com.apple.product-type.bundle.ui-testing";
		};
/* End PBXNativeTarget section */

/* Begin PBXProject section */
		184A17D920BCE39300C08E9F /* Project object */ = {
			isa = PBXProject;
			attributes = {
				LastUpgradeCheck = 0920;
				ORGANIZATIONNAME = Apple;
				TargetAttributes = {
					184A17E020BCE39300C08E9F = {
						CreatedOnToolsVersion = 9.2;
						ProvisioningStyle = Automatic;
					};
					184A17FB20BCE39300C08E9F = {
						CreatedOnToolsVersion = 9.2;
						ProvisioningStyle = Automatic;
						TestTargetID = 184A17E020BCE39300C08E9F;
					};
					184A180620BCE39300C08E9F = {
						CreatedOnToolsVersion = 9.2;
						ProvisioningStyle = Automatic;
						TestTargetID = 184A17E020BCE39300C08E9F;
					};
				};
			};
			buildConfigurationList = 184A17DC20BCE39300C08E9F /* Build configuration list for PBXProject "MyChannel" */;
			compatibilityVersion = "Xcode 8.0";
			developmentRegion = en;
			hasScannedForEncodings = 0;
			knownRegions = (
				en,
				Base,
			);
			mainGroup = 184A17D820BCE39300C08E9F;
			productRefGroup = 184A17E220BCE39300C08E9F /* Products */;
			projectDirPath = "";
			projectRoot = "";
			targets = (
				184A17E020BCE39300C08E9F /* MyChannel */,
				184A17FB20BCE39300C08E9F /* MyChannelTests */,
				184A180620BCE39300C08E9F /* MyChannelUITests */,
			);
		};
/* End PBXProject section */

/* Begin PBXResourcesBuildPhase section */
		184A17DF20BCE39300C08E9F /* Resources */ = {
			isa = PBXResourcesBuildPhase;
			buildActionMask = 2147483647;
			files = (
				184A182020BCE7D300C08E9F /* close_sdk_login_14x14_@2x.png in Resources */,
				184A17F420BCE39300C08E9F /* LaunchScreen.storyboard in Resources */,
				184A182120BCE7D300C08E9F /* close_sdk_login_14x14_@3x.png in Resources */,
				1823BF1920BD50A800249CAA /* closeicon_repost_18x18_@3x.png in Resources */,
				184A17F120BCE39300C08E9F /* Assets.xcassets in Resources */,
				184A17EC20BCE39300C08E9F /* Main.storyboard in Resources */,
				1823BF1A20BD50A800249CAA /* closeicon_repost_18x18_@2x.png in Resources */,
				184A181D20BCE3DA00C08E9F /* HeaderView.xib in Resources */,
			);
			runOnlyForDeploymentPostprocessing = 0;
		};
		184A17FA20BCE39300C08E9F /* Resources */ = {
			isa = PBXResourcesBuildPhase;
			buildActionMask = 2147483647;
			files = (
			);
			runOnlyForDeploymentPostprocessing = 0;
		};
		184A180520BCE39300C08E9F /* Resources */ = {
			isa = PBXResourcesBuildPhase;
			buildActionMask = 2147483647;
			files = (
			);
			runOnlyForDeploymentPostprocessing = 0;
		};
/* End PBXResourcesBuildPhase section */

/* Begin PBXShellScriptBuildPhase section */
		D0EB3C6D7A469337C4FC61FB /* [CP] Check Pods Manifest.lock */ = {
			isa = PBXShellScriptBuildPhase;
			buildActionMask = 2147483647;
			files = (
			);
			inputPaths = (
				"${PODS_PODFILE_DIR_PATH}/Podfile.lock",
				"${PODS_ROOT}/Manifest.lock",
			);
			name = "[CP] Check Pods Manifest.lock";
			outputPaths = (
				"$(DERIVED_FILE_DIR)/Pods-MyChannel-checkManifestLockResult.txt",
			);
			runOnlyForDeploymentPostprocessing = 0;
			shellPath = /bin/sh;
			shellScript = "diff \"${PODS_PODFILE_DIR_PATH}/Podfile.lock\" \"${PODS_ROOT}/Manifest.lock\" > /dev/null\nif [ $? != 0 ] ; then\n    # print error to STDERR\n    echo \"error: The sandbox is not in sync with the Podfile.lock. Run 'pod install' or update your CocoaPods installation.\" >&2\n    exit 1\nfi\n# This output is used by Xcode 'outputs' to avoid re-running this script phase.\necho \"SUCCESS\" > \"${SCRIPT_OUTPUT_FILE_0}\"\n";
			showEnvVarsInLog = 0;
		};
/* End PBXShellScriptBuildPhase section */

/* Begin PBXSourcesBuildPhase section */
		184A17DD20BCE39300C08E9F /* Sources */ = {
			isa = PBXSourcesBuildPhase;
			buildActionMask = 2147483647;
			files = (
				184A17E920BCE39300C08E9F /* ViewController.m in Sources */,
				184A181B20BCE3CD00C08E9F /* HeaderView.m in Sources */,
				184A17EF20BCE39300C08E9F /* MyChannel.xcdatamodeld in Sources */,
				184A182F20BCED7000C08E9F /* CButton.m in Sources */,
				184A182C20BCECF000C08E9F /* ChannelModel.m in Sources */,
				184A182720BCE8BC00C08E9F /* UIView+Frame.m in Sources */,
				184A17F720BCE39300C08E9F /* main.m in Sources */,
				184A182420BCE82200C08E9F /* ChannelView.m in Sources */,
				184A17E620BCE39300C08E9F /* AppDelegate.m in Sources */,
			);
			runOnlyForDeploymentPostprocessing = 0;
		};
		184A17F820BCE39300C08E9F /* Sources */ = {
			isa = PBXSourcesBuildPhase;
			buildActionMask = 2147483647;
			files = (
				184A180120BCE39300C08E9F /* MyChannelTests.m in Sources */,
			);
			runOnlyForDeploymentPostprocessing = 0;
		};
		184A180320BCE39300C08E9F /* Sources */ = {
			isa = PBXSourcesBuildPhase;
			buildActionMask = 2147483647;
			files = (
				184A180C20BCE39300C08E9F /* MyChannelUITests.m in Sources */,
			);
			runOnlyForDeploymentPostprocessing = 0;
		};
/* End PBXSourcesBuildPhase section */

/* Begin PBXTargetDependency section */
		184A17FE20BCE39300C08E9F /* PBXTargetDependency */ = {
			isa = PBXTargetDependency;
			target = 184A17E020BCE39300C08E9F /* MyChannel */;
			targetProxy = 184A17FD20BCE39300C08E9F /* PBXContainerItemProxy */;
		};
		184A180920BCE39300C08E9F /* PBXTargetDependency */ = {
			isa = PBXTargetDependency;
			target = 184A17E020BCE39300C08E9F /* MyChannel */;
			targetProxy = 184A180820BCE39300C08E9F /* PBXContainerItemProxy */;
		};
/* End PBXTargetDependency section */

/* Begin PBXVariantGroup section */
		184A17EA20BCE39300C08E9F /* Main.storyboard */ = {
			isa = PBXVariantGroup;
			children = (
				184A17EB20BCE39300C08E9F /* Base */,
			);
			name = Main.storyboard;
			sourceTree = "<group>";
		};
		184A17F220BCE39300C08E9F /* LaunchScreen.storyboard */ = {
			isa = PBXVariantGroup;
			children = (
				184A17F320BCE39300C08E9F /* Base */,
			);
			name = LaunchScreen.storyboard;
			sourceTree = "<group>";
		};
/* End PBXVariantGroup section */

/* Begin XCBuildConfiguration section */
		184A180E20BCE39300C08E9F /* Debug */ = {
			isa = XCBuildConfiguration;
			buildSettings = {
				ALWAYS_SEARCH_USER_PATHS = NO;
				CLANG_ANALYZER_NONNULL = YES;
				CLANG_ANALYZER_NUMBER_OBJECT_CONVERSION = YES_AGGRESSIVE;
				CLANG_CXX_LANGUAGE_STANDARD = "gnu++14";
				CLANG_CXX_LIBRARY = "libc++";
				CLANG_ENABLE_MODULES = YES;
				CLANG_ENABLE_OBJC_ARC = YES;
				CLANG_WARN_BLOCK_CAPTURE_AUTORELEASING = YES;
				CLANG_WARN_BOOL_CONVERSION = YES;
				CLANG_WARN_COMMA = YES;
				CLANG_WARN_CONSTANT_CONVERSION = YES;
				CLANG_WARN_DIRECT_OBJC_ISA_USAGE = YES_ERROR;
				CLANG_WARN_DOCUMENTATION_COMMENTS = YES;
				CLANG_WARN_EMPTY_BODY = YES;
				CLANG_WARN_ENUM_CONVERSION = YES;
				CLANG_WARN_INFINITE_RECURSION = YES;
				CLANG_WARN_INT_CONVERSION = YES;
				CLANG_WARN_NON_LITERAL_NULL_CONVERSION = YES;
				CLANG_WARN_OBJC_LITERAL_CONVERSION = YES;
				CLANG_WARN_OBJC_ROOT_CLASS = YES_ERROR;
				CLANG_WARN_RANGE_LOOP_ANALYSIS = YES;
				CLANG_WARN_STRICT_PROTOTYPES = YES;
				CLANG_WARN_SUSPICIOUS_MOVE = YES;
				CLANG_WARN_UNGUARDED_AVAILABILITY = YES_AGGRESSIVE;
				CLANG_WARN_UNREACHABLE_CODE = YES;
				CLANG_WARN__DUPLICATE_METHOD_MATCH = YES;
				CODE_SIGN_IDENTITY = "iPhone Developer";
				COPY_PHASE_STRIP = NO;
				DEBUG_INFORMATION_FORMAT = dwarf;
				ENABLE_STRICT_OBJC_MSGSEND = YES;
				ENABLE_TESTABILITY = YES;
				GCC_C_LANGUAGE_STANDARD = gnu11;
				GCC_DYNAMIC_NO_PIC = NO;
				GCC_NO_COMMON_BLOCKS = YES;
				GCC_OPTIMIZATION_LEVEL = 0;
				GCC_PREPROCESSOR_DEFINITIONS = (
					"DEBUG=1",
					"$(inherited)",
				);
				GCC_WARN_64_TO_32_BIT_CONVERSION = YES;
				GCC_WARN_ABOUT_RETURN_TYPE = YES_ERROR;
				GCC_WARN_UNDECLARED_SELECTOR = YES;
				GCC_WARN_UNINITIALIZED_AUTOS = YES_AGGRESSIVE;
				GCC_WARN_UNUSED_FUNCTION = YES;
				GCC_WARN_UNUSED_VARIABLE = YES;
				IPHONEOS_DEPLOYMENT_TARGET = 11.2;
				MTL_ENABLE_DEBUG_INFO = YES;
				ONLY_ACTIVE_ARCH = YES;
				SDKROOT = iphoneos;
			};
			name = Debug;
		};
		184A180F20BCE39300C08E9F /* Release */ = {
			isa = XCBuildConfiguration;
			buildSettings = {
				ALWAYS_SEARCH_USER_PATHS = NO;
				CLANG_ANALYZER_NONNULL = YES;
				CLANG_ANALYZER_NUMBER_OBJECT_CONVERSION = YES_AGGRESSIVE;
				CLANG_CXX_LANGUAGE_STANDARD = "gnu++14";
				CLANG_CXX_LIBRARY = "libc++";
				CLANG_ENABLE_MODULES = YES;
				CLANG_ENABLE_OBJC_ARC = YES;
				CLANG_WARN_BLOCK_CAPTURE_AUTORELEASING = YES;
				CLANG_WARN_BOOL_CONVERSION = YES;
				CLANG_WARN_COMMA = YES;
				CLANG_WARN_CONSTANT_CONVERSION = YES;
				CLANG_WARN_DIRECT_OBJC_ISA_USAGE = YES_ERROR;
				CLANG_WARN_DOCUMENTATION_COMMENTS = YES;
				CLANG_WARN_EMPTY_BODY = YES;
				CLANG_WARN_ENUM_CONVERSION = YES;
				CLANG_WARN_INFINITE_RECURSION = YES;
				CLANG_WARN_INT_CONVERSION = YES;
				CLANG_WARN_NON_LITERAL_NULL_CONVERSION = YES;
				CLANG_WARN_OBJC_LITERAL_CONVERSION = YES;
				CLANG_WARN_OBJC_ROOT_CLASS = YES_ERROR;
				CLANG_WARN_RANGE_LOOP_ANALYSIS = YES;
				CLANG_WARN_STRICT_PROTOTYPES = YES;
				CLANG_WARN_SUSPICIOUS_MOVE = YES;
				CLANG_WARN_UNGUARDED_AVAILABILITY = YES_AGGRESSIVE;
				CLANG_WARN_UNREACHABLE_CODE = YES;
				CLANG_WARN__DUPLICATE_METHOD_MATCH = YES;
				CODE_SIGN_IDENTITY = "iPhone Developer";
				COPY_PHASE_STRIP = NO;
				DEBUG_INFORMATION_FORMAT = "dwarf-with-dsym";
				ENABLE_NS_ASSERTIONS = NO;
				ENABLE_STRICT_OBJC_MSGSEND = YES;
				GCC_C_LANGUAGE_STANDARD = gnu11;
				GCC_NO_COMMON_BLOCKS = YES;
				GCC_WARN_64_TO_32_BIT_CONVERSION = YES;
				GCC_WARN_ABOUT_RETURN_TYPE = YES_ERROR;
				GCC_WARN_UNDECLARED_SELECTOR = YES;
				GCC_WARN_UNINITIALIZED_AUTOS = YES_AGGRESSIVE;
				GCC_WARN_UNUSED_FUNCTION = YES;
				GCC_WARN_UNUSED_VARIABLE = YES;
				IPHONEOS_DEPLOYMENT_TARGET = 11.2;
				MTL_ENABLE_DEBUG_INFO = NO;
				SDKROOT = iphoneos;
				VALIDATE_PRODUCT = YES;
			};
			name = Release;
		};
		184A181120BCE39300C08E9F /* Debug */ = {
			isa = XCBuildConfiguration;
			baseConfigurationReference = DC11B0C7CE8C6E8FA810EF1D /* Pods-MyChannel.debug.xcconfig */;
			buildSettings = {
				ASSETCATALOG_COMPILER_APPICON_NAME = AppIcon;
				CODE_SIGN_STYLE = Automatic;
				DEVELOPMENT_TEAM = HGK2PC3Y6R;
				GCC_PREFIX_HEADER = "$(SRCROOT)/$(PROJECT_NAME)/PrefixHeader.pch";
				INFOPLIST_FILE = MyChannel/Info.plist;
				LD_RUNPATH_SEARCH_PATHS = "$(inherited) @executable_path/Frameworks";
				PRODUCT_BUNDLE_IDENTIFIER = test.MyChannel;
				PRODUCT_NAME = "$(TARGET_NAME)";
				TARGETED_DEVICE_FAMILY = "1,2";
			};
			name = Debug;
		};
		184A181220BCE39300C08E9F /* Release */ = {
			isa = XCBuildConfiguration;
			baseConfigurationReference = 24D7AB665120F6D9E7BA8478 /* Pods-MyChannel.release.xcconfig */;
			buildSettings = {
				ASSETCATALOG_COMPILER_APPICON_NAME = AppIcon;
				CODE_SIGN_STYLE = Automatic;
				DEVELOPMENT_TEAM = HGK2PC3Y6R;
				GCC_PREFIX_HEADER = "$(SRCROOT)/$(PROJECT_NAME)/PrefixHeader.pch";
				INFOPLIST_FILE = MyChannel/Info.plist;
				LD_RUNPATH_SEARCH_PATHS = "$(inherited) @executable_path/Frameworks";
				PRODUCT_BUNDLE_IDENTIFIER = test.MyChannel;
				PRODUCT_NAME = "$(TARGET_NAME)";
				TARGETED_DEVICE_FAMILY = "1,2";
			};
			name = Release;
		};
		184A181420BCE39300C08E9F /* Debug */ = {
			isa = XCBuildConfiguration;
			buildSettings = {
				BUNDLE_LOADER = "$(TEST_HOST)";
				CODE_SIGN_STYLE = Automatic;
				DEVELOPMENT_TEAM = N46MVZ65XE;
				INFOPLIST_FILE = MyChannelTests/Info.plist;
				LD_RUNPATH_SEARCH_PATHS = "$(inherited) @executable_path/Frameworks @loader_path/Frameworks";
				PRODUCT_BUNDLE_IDENTIFIER = test.MyChannelTests;
				PRODUCT_NAME = "$(TARGET_NAME)";
				TARGETED_DEVICE_FAMILY = "1,2";
				TEST_HOST = "$(BUILT_PRODUCTS_DIR)/MyChannel.app/MyChannel";
			};
			name = Debug;
		};
		184A181520BCE39300C08E9F /* Release */ = {
			isa = XCBuildConfiguration;
			buildSettings = {
				BUNDLE_LOADER = "$(TEST_HOST)";
				CODE_SIGN_STYLE = Automatic;
				DEVELOPMENT_TEAM = N46MVZ65XE;
				INFOPLIST_FILE = MyChannelTests/Info.plist;
				LD_RUNPATH_SEARCH_PATHS = "$(inherited) @executable_path/Frameworks @loader_path/Frameworks";
				PRODUCT_BUNDLE_IDENTIFIER = test.MyChannelTests;
				PRODUCT_NAME = "$(TARGET_NAME)";
				TARGETED_DEVICE_FAMILY = "1,2";
				TEST_HOST = "$(BUILT_PRODUCTS_DIR)/MyChannel.app/MyChannel";
			};
			name = Release;
		};
		184A181720BCE39300C08E9F /* Debug */ = {
			isa = XCBuildConfiguration;
			buildSettings = {
				CODE_SIGN_STYLE = Automatic;
				DEVELOPMENT_TEAM = N46MVZ65XE;
				INFOPLIST_FILE = MyChannelUITests/Info.plist;
				LD_RUNPATH_SEARCH_PATHS = "$(inherited) @executable_path/Frameworks @loader_path/Frameworks";
				PRODUCT_BUNDLE_IDENTIFIER = test.MyChannelUITests;
				PRODUCT_NAME = "$(TARGET_NAME)";
				TARGETED_DEVICE_FAMILY = "1,2";
				TEST_TARGET_NAME = MyChannel;
			};
			name = Debug;
		};
		184A181820BCE39300C08E9F /* Release */ = {
			isa = XCBuildConfiguration;
			buildSettings = {
				CODE_SIGN_STYLE = Automatic;
				DEVELOPMENT_TEAM = N46MVZ65XE;
				INFOPLIST_FILE = MyChannelUITests/Info.plist;
				LD_RUNPATH_SEARCH_PATHS = "$(inherited) @executable_path/Frameworks @loader_path/Frameworks";
				PRODUCT_BUNDLE_IDENTIFIER = test.MyChannelUITests;
				PRODUCT_NAME = "$(TARGET_NAME)";
				TARGETED_DEVICE_FAMILY = "1,2";
				TEST_TARGET_NAME = MyChannel;
			};
			name = Release;
		};
/* End XCBuildConfiguration section */

/* Begin XCConfigurationList section */
		184A17DC20BCE39300C08E9F /* Build configuration list for PBXProject "MyChannel" */ = {
			isa = XCConfigurationList;
			buildConfigurations = (
				184A180E20BCE39300C08E9F /* Debug */,
				184A180F20BCE39300C08E9F /* Release */,
			);
			defaultConfigurationIsVisible = 0;
			defaultConfigurationName = Release;
		};
		184A181020BCE39300C08E9F /* Build configuration list for PBXNativeTarget "MyChannel" */ = {
			isa = XCConfigurationList;
			buildConfigurations = (
				184A181120BCE39300C08E9F /* Debug */,
				184A181220BCE39300C08E9F /* Release */,
			);
			defaultConfigurationIsVisible = 0;
			defaultConfigurationName = Release;
		};
		184A181320BCE39300C08E9F /* Build configuration list for PBXNativeTarget "MyChannelTests" */ = {
			isa = XCConfigurationList;
			buildConfigurations = (
				184A181420BCE39300C08E9F /* Debug */,
				184A181520BCE39300C08E9F /* Release */,
			);
			defaultConfigurationIsVisible = 0;
			defaultConfigurationName = Release;
		};
		184A181620BCE39300C08E9F /* Build configuration list for PBXNativeTarget "MyChannelUITests" */ = {
			isa = XCConfigurationList;
			buildConfigurations = (
				184A181720BCE39300C08E9F /* Debug */,
				184A181820BCE39300C08E9F /* Release */,
			);
			defaultConfigurationIsVisible = 0;
			defaultConfigurationName = Release;
		};
/* End XCConfigurationList section */

/* Begin XCVersionGroup section */
		184A17ED20BCE39300C08E9F /* MyChannel.xcdatamodeld */ = {
			isa = XCVersionGroup;
			children = (
				184A17EE20BCE39300C08E9F /* MyChannel.xcdatamodel */,
			);
			currentVersion = 184A17EE20BCE39300C08E9F /* MyChannel.xcdatamodel */;
			path = MyChannel.xcdatamodeld;
			sourceTree = "<group>";
			versionGroupType = wrapper.xcdatamodel;
		};
/* End XCVersionGroup section */
	};
	rootObject = 184A17D920BCE39300C08E9F /* Project object */;
}
